
Microsoft Visual Studio Solution File, Format Version 12.00
# Visual Studio Version 16
VisualStudioVersion = 16.0.31911.196
MinimumVisualStudioVersion = 10.0.40219.1
Project("{8BC9CEB8-8B4A-11D0-8D11-00A0C91BC942}") = "TicTacToe", "TicTacToe\TicTacToe.vcxproj", "{BDFB1AA5-1185-4939-85F2-6321CF20A89E}"
EndProject
Global
	GlobalSection(SolutionConfigurationPlatforms) = preSolution
		Debug|x64 = Debug|x64
		Debug|x86 = Debug|x86
		Release|x64 = Release|x64
		Release|x86 = Release|x86
	EndGlobalSection
	GlobalSection(ProjectConfigurationPlatforms) = postSolution
		{BDFB1AA5-1185-4939-85F2-6321CF20A89E}.Debug|x64.ActiveCfg = Debug|x64
		{BDFB1AA5-1185-4939-85F2-6321CF20A89E}.Debug|x64.Build.0 = Debug|x64
		{BDFB1AA5-1185-4939-85F2-6321CF20A89E}.Debug|x86.ActiveCfg = Debug|Win32
		{BDFB1AA5-1185-4939-85F2-6321CF20A89E}.Debug|x86.Build.0 = Debug|Win32
		{BDFB1AA5-1185-4939-85F2-6321CF20A89E}.Release|x64.ActiveCfg = Release|x64
		{BDFB1AA5-1185-4939-85F2-6321CF20A89E}.Release|x64.Build.0 = Release|x64
		{BDFB1AA5-1185-4939-85F2-6321CF20A89E}.Release|x86.ActiveCfg = Release|Win32
		{BDFB1AA5-1185-4939-85F2-6321CF20A89E}.Release|x86.Build.0 = Release|Win32
	EndGlobalSection
	GlobalSection(SolutionProperties) = preSolution
		HideSolutionNode = FALSE
	EndGlobalSection
	GlobalSection(ExtensibilityGlobals) = postSolution
		SolutionGuid = {0A0D4DCF-F881-4C60-8FF0-1AB1D5CAE1CC}
	EndGlobalSection
EndGlobal
